{
  "name": "2f7e7bff16d1c534",
  "lockfileVersion": 3,
  "requires": true,
  "packages": {
    "": {
      "dependencies": {
        "create-vue": "^3.22.3"
      }
    },
    "node_modules/create-vue": {
      "version": "3.22.3",
      "resolved": "https://registry.npmmirror.com/create-vue/-/create-vue-3.22.3.tgz",
      "integrity": "sha512-vtqRUA0zqRjBNtfxkdnM7pu2DJ4ML2kgy7ml/3DHkNcOQlpZ/Z6tLvv1gmQxnSW8Q7Auoe+w/doeJW3eNnj+Jg==",
      "bin": {
        "create-vue": "bundle.js"
      },
      "engines": {
        "node": "^20.19.0 || >=22.12.0"
      }
    }
  }
}
